
Microsoft Visual Studio Solution File, Format Version 12.00
# Visual Studio Version 17
VisualStudioVersion = 17.11.35312.102
MinimumVisualStudioVersion = 10.0.40219.1
Project("{9A19103F-16F7-4668-BE54-9A1E7A4F7556}") = "WebApp.Server", "WebApp.Server\WebApp.Server.csproj", "{D7DA696F-8923-44CA-B24B-DC6B205CEEAD}"
EndProject
Project("{9A19103F-16F7-4668-BE54-9A1E7A4F7556}") = "WebApp.Client", "WebApp.Client\WebApp.Client.csproj", "{21673CEF-705A-46D8-B95D-2F11D1C6E978}"
EndProject
Project("{9A19103F-16F7-4668-BE54-9A1E7A4F7556}") = "WebApp.Database", "WebApp.Database\WebApp.Database.csproj", "{8433DE4E-AD37-4AA8-B878-70D57B80F575}"
EndProject
Project("{FAE04EC0-301F-11D3-BF4B-00C04F79EFBC}") = "WebApp.Domain", "WebApp.Domain\WebApp.Domain.csproj", "{3B3809F5-7E4B-4062-B2C9-F5B94206890D}"
EndProject
Project("{FAE04EC0-301F-11D3-BF4B-00C04F79EFBC}") = "WebApp.Repository", "WebApp.Repository\WebApp.Repository.csproj", "{BDD73F5A-A3E7-4866-82A3-BDDF6A8BEF28}"
EndProject
Project("{FAE04EC0-301F-11D3-BF4B-00C04F79EFBC}") = "WebApp.Service", "WebApp.Service\WebApp.Service.csproj", "{1B9A973A-9E77-486D-9308-35372F2576A2}"
EndProject
Project("{FAE04EC0-301F-11D3-BF4B-00C04F79EFBC}") = "WebApp.API", "WebApp.API\WebApp.API.csproj", "{0DEF0BF2-163F-4F10-A3C3-9D34FD8FB7D5}"
EndProject
Global
	GlobalSection(SolutionConfigurationPlatforms) = preSolution
		Debug|Any CPU = Debug|Any CPU
		Release|Any CPU = Release|Any CPU
	EndGlobalSection
	GlobalSection(ProjectConfigurationPlatforms) = postSolution
		{D7DA696F-8923-44CA-B24B-DC6B205CEEAD}.Debug|Any CPU.ActiveCfg = Debug|Any CPU
		{D7DA696F-8923-44CA-B24B-DC6B205CEEAD}.Debug|Any CPU.Build.0 = Debug|Any CPU
		{D7DA696F-8923-44CA-B24B-DC6B205CEEAD}.Release|Any CPU.ActiveCfg = Release|Any CPU
		{D7DA696F-8923-44CA-B24B-DC6B205CEEAD}.Release|Any CPU.Build.0 = Release|Any CPU
		{21673CEF-705A-46D8-B95D-2F11D1C6E978}.Debug|Any CPU.ActiveCfg = Debug|Any CPU
		{21673CEF-705A-46D8-B95D-2F11D1C6E978}.Debug|Any CPU.Build.0 = Debug|Any CPU
		{21673CEF-705A-46D8-B95D-2F11D1C6E978}.Release|Any CPU.ActiveCfg = Release|Any CPU
		{21673CEF-705A-46D8-B95D-2F11D1C6E978}.Release|Any CPU.Build.0 = Release|Any CPU
		{8433DE4E-AD37-4AA8-B878-70D57B80F575}.Debug|Any CPU.ActiveCfg = Debug|Any CPU
		{8433DE4E-AD37-4AA8-B878-70D57B80F575}.Debug|Any CPU.Build.0 = Debug|Any CPU
		{8433DE4E-AD37-4AA8-B878-70D57B80F575}.Release|Any CPU.ActiveCfg = Release|Any CPU
		{8433DE4E-AD37-4AA8-B878-70D57B80F575}.Release|Any CPU.Build.0 = Release|Any CPU
		{3B3809F5-7E4B-4062-B2C9-F5B94206890D}.Debug|Any CPU.ActiveCfg = Debug|Any CPU
		{3B3809F5-7E4B-4062-B2C9-F5B94206890D}.Debug|Any CPU.Build.0 = Debug|Any CPU
		{3B3809F5-7E4B-4062-B2C9-F5B94206890D}.Release|Any CPU.ActiveCfg = Release|Any CPU
		{3B3809F5-7E4B-4062-B2C9-F5B94206890D}.Release|Any CPU.Build.0 = Release|Any CPU
		{BDD73F5A-A3E7-4866-82A3-BDDF6A8BEF28}.Debug|Any CPU.ActiveCfg = Debug|Any CPU
		{BDD73F5A-A3E7-4866-82A3-BDDF6A8BEF28}.Debug|Any CPU.Build.0 = Debug|Any CPU
		{BDD73F5A-A3E7-4866-82A3-BDDF6A8BEF28}.Release|Any CPU.ActiveCfg = Release|Any CPU
		{BDD73F5A-A3E7-4866-82A3-BDDF6A8BEF28}.Release|Any CPU.Build.0 = Release|Any CPU
		{1B9A973A-9E77-486D-9308-35372F2576A2}.Debug|Any CPU.ActiveCfg = Debug|Any CPU
		{1B9A973A-9E77-486D-9308-35372F2576A2}.Debug|Any CPU.Build.0 = Debug|Any CPU
		{1B9A973A-9E77-486D-9308-35372F2576A2}.Release|Any CPU.ActiveCfg = Release|Any CPU
		{1B9A973A-9E77-486D-9308-35372F2576A2}.Release|Any CPU.Build.0 = Release|Any CPU
		{0DEF0BF2-163F-4F10-A3C3-9D34FD8FB7D5}.Debug|Any CPU.ActiveCfg = Debug|Any CPU
		{0DEF0BF2-163F-4F10-A3C3-9D34FD8FB7D5}.Debug|Any CPU.Build.0 = Debug|Any CPU
		{0DEF0BF2-163F-4F10-A3C3-9D34FD8FB7D5}.Release|Any CPU.ActiveCfg = Release|Any CPU
		{0DEF0BF2-163F-4F10-A3C3-9D34FD8FB7D5}.Release|Any CPU.Build.0 = Release|Any CPU
	EndGlobalSection
	GlobalSection(SolutionProperties) = preSolution
		HideSolutionNode = FALSE
	EndGlobalSection
	GlobalSection(ExtensibilityGlobals) = postSolution
		SolutionGuid = {E686DC7A-B552-4494-A225-4587CEA682CE}
	EndGlobalSection
EndGlobal
